PODS:
  - dgis_map_kit (0.0.1):
    - DGisMobileSDK (~> 10.1-map)
    - Flutter
  - DGisMobileSDK (10.1.0-map)
  - Flutter (1.0.0)
  - integration_test (0.0.1):
    - Flutter
  - location (0.0.1):
    - Flutter

DEPENDENCIES:
  - dgis_map_kit (from `.symlinks/plugins/dgis_map_kit/ios`)
  - Flutter (from `Flutter`)
  - integration_test (from `.symlinks/plugins/integration_test/ios`)
  - location (from `.symlinks/plugins/location/ios`)

SPEC REPOS:
  trunk:
    - DGisMobileSDK

EXTERNAL SOURCES:
  dgis_map_kit:
    :path: ".symlinks/plugins/dgis_map_kit/ios"
  Flutter:
    :path: Flutter
  integration_test:
    :path: ".symlinks/plugins/integration_test/ios"
  location:
    :path: ".symlinks/plugins/location/ios"

SPEC CHECKSUMS:
  dgis_map_kit: 5899f71d9bba221e1621ba4aa56b73ef55776ab1
  DGisMobileSDK: bac6ed84dcd629820aa867f32321467395810cda
  Flutter: e0871f40cf51350855a761d2e70bf5af5b9b5de7
  integration_test: 13825b8a9334a850581300559b8839134b124670
  location: d5cf8598915965547c3f36761ae9cc4f4e87d22e

PODFILE CHECKSUM: a57f30d18f102dd3ce366b1d62a55ecbef2158e5

COCOAPODS: 1.14.2
