PODS:
  - dgis_map_kit (0.0.1):
    - DGisMobileSDK (~> 2.8-map)
    - Flutter
  - DGisMobileSDK (2.8.0-map)
  - Flutter (1.0.0)
  - integration_test (0.0.1):
    - Flutter

DEPENDENCIES:
  - dgis_map_kit (from `.symlinks/plugins/dgis_map_kit/ios`)
  - Flutter (from `Flutter`)
  - integration_test (from `.symlinks/plugins/integration_test/ios`)

SPEC REPOS:
  trunk:
    - DGisMobileSDK

EXTERNAL SOURCES:
  dgis_map_kit:
    :path: ".symlinks/plugins/dgis_map_kit/ios"
  Flutter:
    :path: Flutter
  integration_test:
    :path: ".symlinks/plugins/integration_test/ios"

SPEC CHECKSUMS:
  dgis_map_kit: 1113b2410b33ee8e56406522792171aeb2a04709
  DGisMobileSDK: a5956ca1a3c2ce0ea558a960395e2129c64d5aab
  Flutter: f04841e97a9d0b0a8025694d0796dd46242b2854
  integration_test: 13825b8a9334a850581300559b8839134b124670

PODFILE CHECKSUM: 9c46fd01abff66081b39f5fa5767b3f1d0b11d76

COCOAPODS: 1.14.2
